
Microsoft Visual Studio Solution File, Format Version 9.00
# Visual Studio 2005
Project("{8BC9CEB8-8B4A-11D0-8D11-00A0C91BC942}") = "ECG", "ECG\ECG.vcproj", "{BB6F6AE4-8795-4722-B16D-1BB7632FE744}"
EndProject
Project("{8BC9CEB8-8B4A-11D0-8D11-00A0C91BC942}") = "PCReceiver", "PCReceiver\PCReceiver.vcproj", "{8882A5FF-C8D1-49AF-A7EC-30D6786E7870}"
EndProject
Project("{8BC9CEB8-8B4A-11D0-8D11-00A0C91BC942}") = "test_bench", "test_bench\test_bench.vcproj", "{9F53FCB5-A376-4C9B-A890-ABC1539C6F68}"
EndProject
Project("{8BC9CEB8-8B4A-11D0-8D11-00A0C91BC942}") = "test_bench_PC", "test_bench_PC\test_bench_PC.vcproj", "{D32E0CA8-DC8B-424A-B43F-B05C41CF0ED4}"
EndProject
Global
	GlobalSection(SolutionConfigurationPlatforms) = preSolution
		Debug|Mixed Platforms = Debug|Mixed Platforms
		Debug|Pocket PC 2003 (ARMV4) = Debug|Pocket PC 2003 (ARMV4)
		Debug|Win32 = Debug|Win32
		Debug|WinFast-310 VA (ARMV4I) = Debug|WinFast-310 VA (ARMV4I)
		Release|Mixed Platforms = Release|Mixed Platforms
		Release|Pocket PC 2003 (ARMV4) = Release|Pocket PC 2003 (ARMV4)
		Release|Win32 = Release|Win32
		Release|WinFast-310 VA (ARMV4I) = Release|WinFast-310 VA (ARMV4I)
	EndGlobalSection
	GlobalSection(ProjectConfigurationPlatforms) = postSolution
		{BB6F6AE4-8795-4722-B16D-1BB7632FE744}.Debug|Mixed Platforms.ActiveCfg = Debug|Pocket PC 2003 (ARMV4)
		{BB6F6AE4-8795-4722-B16D-1BB7632FE744}.Debug|Mixed Platforms.Build.0 = Debug|Pocket PC 2003 (ARMV4)
		{BB6F6AE4-8795-4722-B16D-1BB7632FE744}.Debug|Mixed Platforms.Deploy.0 = Debug|Pocket PC 2003 (ARMV4)
		{BB6F6AE4-8795-4722-B16D-1BB7632FE744}.Debug|Pocket PC 2003 (ARMV4).ActiveCfg = Debug|Pocket PC 2003 (ARMV4)
		{BB6F6AE4-8795-4722-B16D-1BB7632FE744}.Debug|Pocket PC 2003 (ARMV4).Build.0 = Debug|Pocket PC 2003 (ARMV4)
		{BB6F6AE4-8795-4722-B16D-1BB7632FE744}.Debug|Pocket PC 2003 (ARMV4).Deploy.0 = Debug|Pocket PC 2003 (ARMV4)
		{BB6F6AE4-8795-4722-B16D-1BB7632FE744}.Debug|Win32.ActiveCfg = Debug|Pocket PC 2003 (ARMV4)
		{BB6F6AE4-8795-4722-B16D-1BB7632FE744}.Debug|WinFast-310 VA (ARMV4I).ActiveCfg = Debug|Pocket PC 2003 (ARMV4)
		{BB6F6AE4-8795-4722-B16D-1BB7632FE744}.Debug|WinFast-310 VA (ARMV4I).Build.0 = Debug|Pocket PC 2003 (ARMV4)
		{BB6F6AE4-8795-4722-B16D-1BB7632FE744}.Debug|WinFast-310 VA (ARMV4I).Deploy.0 = Debug|Pocket PC 2003 (ARMV4)
		{BB6F6AE4-8795-4722-B16D-1BB7632FE744}.Release|Mixed Platforms.ActiveCfg = Release|Pocket PC 2003 (ARMV4)
		{BB6F6AE4-8795-4722-B16D-1BB7632FE744}.Release|Mixed Platforms.Build.0 = Release|Pocket PC 2003 (ARMV4)
		{BB6F6AE4-8795-4722-B16D-1BB7632FE744}.Release|Mixed Platforms.Deploy.0 = Release|Pocket PC 2003 (ARMV4)
		{BB6F6AE4-8795-4722-B16D-1BB7632FE744}.Release|Pocket PC 2003 (ARMV4).ActiveCfg = Release|Pocket PC 2003 (ARMV4)
		{BB6F6AE4-8795-4722-B16D-1BB7632FE744}.Release|Pocket PC 2003 (ARMV4).Build.0 = Release|Pocket PC 2003 (ARMV4)
		{BB6F6AE4-8795-4722-B16D-1BB7632FE744}.Release|Pocket PC 2003 (ARMV4).Deploy.0 = Release|Pocket PC 2003 (ARMV4)
		{BB6F6AE4-8795-4722-B16D-1BB7632FE744}.Release|Win32.ActiveCfg = Release|Pocket PC 2003 (ARMV4)
		{BB6F6AE4-8795-4722-B16D-1BB7632FE744}.Release|WinFast-310 VA (ARMV4I).ActiveCfg = Release|Pocket PC 2003 (ARMV4)
		{BB6F6AE4-8795-4722-B16D-1BB7632FE744}.Release|WinFast-310 VA (ARMV4I).Build.0 = Release|Pocket PC 2003 (ARMV4)
		{BB6F6AE4-8795-4722-B16D-1BB7632FE744}.Release|WinFast-310 VA (ARMV4I).Deploy.0 = Release|Pocket PC 2003 (ARMV4)
		{8882A5FF-C8D1-49AF-A7EC-30D6786E7870}.Debug|Mixed Platforms.ActiveCfg = Debug|Win32
		{8882A5FF-C8D1-49AF-A7EC-30D6786E7870}.Debug|Mixed Platforms.Build.0 = Debug|Win32
		{8882A5FF-C8D1-49AF-A7EC-30D6786E7870}.Debug|Pocket PC 2003 (ARMV4).ActiveCfg = Debug|Win32
		{8882A5FF-C8D1-49AF-A7EC-30D6786E7870}.Debug|Win32.ActiveCfg = Debug|Win32
		{8882A5FF-C8D1-49AF-A7EC-30D6786E7870}.Debug|Win32.Build.0 = Debug|Win32
		{8882A5FF-C8D1-49AF-A7EC-30D6786E7870}.Debug|WinFast-310 VA (ARMV4I).ActiveCfg = Debug|Win32
		{8882A5FF-C8D1-49AF-A7EC-30D6786E7870}.Release|Mixed Platforms.ActiveCfg = Release|Win32
		{8882A5FF-C8D1-49AF-A7EC-30D6786E7870}.Release|Mixed Platforms.Build.0 = Release|Win32
		{8882A5FF-C8D1-49AF-A7EC-30D6786E7870}.Release|Pocket PC 2003 (ARMV4).ActiveCfg = Release|Win32
		{8882A5FF-C8D1-49AF-A7EC-30D6786E7870}.Release|Win32.ActiveCfg = Release|Win32
		{8882A5FF-C8D1-49AF-A7EC-30D6786E7870}.Release|Win32.Build.0 = Release|Win32
		{8882A5FF-C8D1-49AF-A7EC-30D6786E7870}.Release|WinFast-310 VA (ARMV4I).ActiveCfg = Release|Win32
		{9F53FCB5-A376-4C9B-A890-ABC1539C6F68}.Debug|Mixed Platforms.ActiveCfg = Debug|Pocket PC 2003 (ARMV4)
		{9F53FCB5-A376-4C9B-A890-ABC1539C6F68}.Debug|Mixed Platforms.Build.0 = Debug|Pocket PC 2003 (ARMV4)
		{9F53FCB5-A376-4C9B-A890-ABC1539C6F68}.Debug|Mixed Platforms.Deploy.0 = Debug|Pocket PC 2003 (ARMV4)
		{9F53FCB5-A376-4C9B-A890-ABC1539C6F68}.Debug|Pocket PC 2003 (ARMV4).ActiveCfg = Debug|Pocket PC 2003 (ARMV4)
		{9F53FCB5-A376-4C9B-A890-ABC1539C6F68}.Debug|Pocket PC 2003 (ARMV4).Build.0 = Debug|Pocket PC 2003 (ARMV4)
		{9F53FCB5-A376-4C9B-A890-ABC1539C6F68}.Debug|Pocket PC 2003 (ARMV4).Deploy.0 = Debug|Pocket PC 2003 (ARMV4)
		{9F53FCB5-A376-4C9B-A890-ABC1539C6F68}.Debug|Win32.ActiveCfg = Debug|Pocket PC 2003 (ARMV4)
		{9F53FCB5-A376-4C9B-A890-ABC1539C6F68}.Debug|WinFast-310 VA (ARMV4I).ActiveCfg = Debug|Pocket PC 2003 (ARMV4)
		{9F53FCB5-A376-4C9B-A890-ABC1539C6F68}.Release|Mixed Platforms.ActiveCfg = Release|Pocket PC 2003 (ARMV4)
		{9F53FCB5-A376-4C9B-A890-ABC1539C6F68}.Release|Mixed Platforms.Build.0 = Release|Pocket PC 2003 (ARMV4)
		{9F53FCB5-A376-4C9B-A890-ABC1539C6F68}.Release|Mixed Platforms.Deploy.0 = Release|Pocket PC 2003 (ARMV4)
		{9F53FCB5-A376-4C9B-A890-ABC1539C6F68}.Release|Pocket PC 2003 (ARMV4).ActiveCfg = Release|Pocket PC 2003 (ARMV4)
		{9F53FCB5-A376-4C9B-A890-ABC1539C6F68}.Release|Pocket PC 2003 (ARMV4).Build.0 = Release|Pocket PC 2003 (ARMV4)
		{9F53FCB5-A376-4C9B-A890-ABC1539C6F68}.Release|Pocket PC 2003 (ARMV4).Deploy.0 = Release|Pocket PC 2003 (ARMV4)
		{9F53FCB5-A376-4C9B-A890-ABC1539C6F68}.Release|Win32.ActiveCfg = Release|Pocket PC 2003 (ARMV4)
		{9F53FCB5-A376-4C9B-A890-ABC1539C6F68}.Release|WinFast-310 VA (ARMV4I).ActiveCfg = Release|Pocket PC 2003 (ARMV4)
		{D32E0CA8-DC8B-424A-B43F-B05C41CF0ED4}.Debug|Mixed Platforms.ActiveCfg = Debug|Win32
		{D32E0CA8-DC8B-424A-B43F-B05C41CF0ED4}.Debug|Mixed Platforms.Build.0 = Debug|Win32
		{D32E0CA8-DC8B-424A-B43F-B05C41CF0ED4}.Debug|Pocket PC 2003 (ARMV4).ActiveCfg = Debug|Win32
		{D32E0CA8-DC8B-424A-B43F-B05C41CF0ED4}.Debug|Win32.ActiveCfg = Debug|Win32
		{D32E0CA8-DC8B-424A-B43F-B05C41CF0ED4}.Debug|Win32.Build.0 = Debug|Win32
		{D32E0CA8-DC8B-424A-B43F-B05C41CF0ED4}.Debug|WinFast-310 VA (ARMV4I).ActiveCfg = Debug|Win32
		{D32E0CA8-DC8B-424A-B43F-B05C41CF0ED4}.Release|Mixed Platforms.ActiveCfg = Release|Win32
		{D32E0CA8-DC8B-424A-B43F-B05C41CF0ED4}.Release|Mixed Platforms.Build.0 = Release|Win32
		{D32E0CA8-DC8B-424A-B43F-B05C41CF0ED4}.Release|Pocket PC 2003 (ARMV4).ActiveCfg = Release|Win32
		{D32E0CA8-DC8B-424A-B43F-B05C41CF0ED4}.Release|Win32.ActiveCfg = Release|Win32
		{D32E0CA8-DC8B-424A-B43F-B05C41CF0ED4}.Release|Win32.Build.0 = Release|Win32
		{D32E0CA8-DC8B-424A-B43F-B05C41CF0ED4}.Release|WinFast-310 VA (ARMV4I).ActiveCfg = Release|Win32
	EndGlobalSection
	GlobalSection(SolutionProperties) = preSolution
		HideSolutionNode = FALSE
	EndGlobalSection
EndGlobal
